
Microsoft Visual Studio Solution File, Format Version 12.00
# Visual Studio Version 17
VisualStudioVersion = 17.11.35327.3
MinimumVisualStudioVersion = 10.0.40219.1
Project("{FAE04EC0-301F-11D3-BF4B-00C04F79EFBC}") = "XamlToImage", "XamlToImage\XamlToImage.csproj", "{131A993C-9A4C-4BA8-912C-32909BA8F9D0}"
EndProject
Global
	GlobalSection(SolutionConfigurationPlatforms) = preSolution
		Debug|Any CPU = Debug|Any CPU
		Release|Any CPU = Release|Any CPU
	EndGlobalSection
	GlobalSection(ProjectConfigurationPlatforms) = postSolution
		{131A993C-9A4C-4BA8-912C-32909BA8F9D0}.Debug|Any CPU.ActiveCfg = Debug|Any CPU
		{131A993C-9A4C-4BA8-912C-32909BA8F9D0}.Debug|Any CPU.Build.0 = Debug|Any CPU
		{131A993C-9A4C-4BA8-912C-32909BA8F9D0}.Release|Any CPU.ActiveCfg = Release|Any CPU
		{131A993C-9A4C-4BA8-912C-32909BA8F9D0}.Release|Any CPU.Build.0 = Release|Any CPU
	EndGlobalSection
	GlobalSection(SolutionProperties) = preSolution
		HideSolutionNode = FALSE
	EndGlobalSection
	GlobalSection(ExtensibilityGlobals) = postSolution
		SolutionGuid = {8B185E7D-21DA-4EF5-8A64-A87422CC68BF}
	EndGlobalSection
EndGlobal
